
Microsoft Visual Studio Solution File, Format Version 12.00
# Visual Studio Version 17
VisualStudioVersion = 17.14.36408.4
MinimumVisualStudioVersion = 10.0.40219.1
Project("{2150E333-8FDC-42A3-9474-1A3956D46DE8}") = "section5_llms", "section5_llms", "{02EA681E-C7D8-13C7-8484-4AC65E1B71E8}"
EndProject
Project("{FAE04EC0-301F-11D3-BF4B-00C04F79EFBC}") = "TextCompletion", "TextCompletion\TextCompletion.csproj", "{39D56085-0BF2-4640-9A46-86E91F064348}"
EndProject
Project("{FAE04EC0-301F-11D3-BF4B-00C04F79EFBC}") = "TextCompletion_Ollama", "TextCompletion_Ollama\TextCompletion_Ollama.csproj", "{BDA57C4B-CBDB-4C8C-AF6B-D1DA383016E7}"
EndProject
Project("{FAE04EC0-301F-11D3-BF4B-00C04F79EFBC}") = "FunctionCall", "FunctionCall\FunctionCall.csproj", "{E42EC2B9-87A5-451B-A859-36FFB9BFA388}"
EndProject
Project("{FAE04EC0-301F-11D3-BF4B-00C04F79EFBC}") = "FunctionCall_Ollama", "FunctionCall_Ollama\FunctionCall_Ollama.csproj", "{28C309D2-CB68-484D-8252-E02CD878E69C}"
EndProject
Project("{2150E333-8FDC-42A3-9474-1A3956D46DE8}") = "section6_vectors", "section6_vectors", "{1D69FCE3-E175-4A37-BBB7-A033CB937CC8}"
EndProject
Project("{FAE04EC0-301F-11D3-BF4B-00C04F79EFBC}") = "Embeddings", "Embeddings\Embeddings.csproj", "{A8BBA4BA-1612-4453-AD64-D9A9E464EAC5}"
EndProject
Project("{FAE04EC0-301F-11D3-BF4B-00C04F79EFBC}") = "Embeddings_Ollama", "Embeddings_Ollama\Embeddings_Ollama.csproj", "{A505EA93-142B-492F-BD63-D8DF6335F4ED}"
EndProject
Project("{FAE04EC0-301F-11D3-BF4B-00C04F79EFBC}") = "VectorSearch", "VectorSearch\VectorSearch.csproj", "{C39558ED-7326-4CF5-B624-D7EC3BC75ACC}"
EndProject
Global
	GlobalSection(SolutionConfigurationPlatforms) = preSolution
		Debug|Any CPU = Debug|Any CPU
		Release|Any CPU = Release|Any CPU
	EndGlobalSection
	GlobalSection(ProjectConfigurationPlatforms) = postSolution
		{39D56085-0BF2-4640-9A46-86E91F064348}.Debug|Any CPU.ActiveCfg = Debug|Any CPU
		{39D56085-0BF2-4640-9A46-86E91F064348}.Debug|Any CPU.Build.0 = Debug|Any CPU
		{39D56085-0BF2-4640-9A46-86E91F064348}.Release|Any CPU.ActiveCfg = Release|Any CPU
		{39D56085-0BF2-4640-9A46-86E91F064348}.Release|Any CPU.Build.0 = Release|Any CPU
		{BDA57C4B-CBDB-4C8C-AF6B-D1DA383016E7}.Debug|Any CPU.ActiveCfg = Debug|Any CPU
		{BDA57C4B-CBDB-4C8C-AF6B-D1DA383016E7}.Debug|Any CPU.Build.0 = Debug|Any CPU
		{BDA57C4B-CBDB-4C8C-AF6B-D1DA383016E7}.Release|Any CPU.ActiveCfg = Release|Any CPU
		{BDA57C4B-CBDB-4C8C-AF6B-D1DA383016E7}.Release|Any CPU.Build.0 = Release|Any CPU
		{E42EC2B9-87A5-451B-A859-36FFB9BFA388}.Debug|Any CPU.ActiveCfg = Debug|Any CPU
		{E42EC2B9-87A5-451B-A859-36FFB9BFA388}.Debug|Any CPU.Build.0 = Debug|Any CPU
		{E42EC2B9-87A5-451B-A859-36FFB9BFA388}.Release|Any CPU.ActiveCfg = Release|Any CPU
		{E42EC2B9-87A5-451B-A859-36FFB9BFA388}.Release|Any CPU.Build.0 = Release|Any CPU
		{28C309D2-CB68-484D-8252-E02CD878E69C}.Debug|Any CPU.ActiveCfg = Debug|Any CPU
		{28C309D2-CB68-484D-8252-E02CD878E69C}.Debug|Any CPU.Build.0 = Debug|Any CPU
		{28C309D2-CB68-484D-8252-E02CD878E69C}.Release|Any CPU.ActiveCfg = Release|Any CPU
		{28C309D2-CB68-484D-8252-E02CD878E69C}.Release|Any CPU.Build.0 = Release|Any CPU
		{A8BBA4BA-1612-4453-AD64-D9A9E464EAC5}.Debug|Any CPU.ActiveCfg = Debug|Any CPU
		{A8BBA4BA-1612-4453-AD64-D9A9E464EAC5}.Debug|Any CPU.Build.0 = Debug|Any CPU
		{A8BBA4BA-1612-4453-AD64-D9A9E464EAC5}.Release|Any CPU.ActiveCfg = Release|Any CPU
		{A8BBA4BA-1612-4453-AD64-D9A9E464EAC5}.Release|Any CPU.Build.0 = Release|Any CPU
		{A505EA93-142B-492F-BD63-D8DF6335F4ED}.Debug|Any CPU.ActiveCfg = Debug|Any CPU
		{A505EA93-142B-492F-BD63-D8DF6335F4ED}.Debug|Any CPU.Build.0 = Debug|Any CPU
		{A505EA93-142B-492F-BD63-D8DF6335F4ED}.Release|Any CPU.ActiveCfg = Release|Any CPU
		{A505EA93-142B-492F-BD63-D8DF6335F4ED}.Release|Any CPU.Build.0 = Release|Any CPU
		{C39558ED-7326-4CF5-B624-D7EC3BC75ACC}.Debug|Any CPU.ActiveCfg = Debug|Any CPU
		{C39558ED-7326-4CF5-B624-D7EC3BC75ACC}.Debug|Any CPU.Build.0 = Debug|Any CPU
		{C39558ED-7326-4CF5-B624-D7EC3BC75ACC}.Release|Any CPU.ActiveCfg = Release|Any CPU
		{C39558ED-7326-4CF5-B624-D7EC3BC75ACC}.Release|Any CPU.Build.0 = Release|Any CPU
	EndGlobalSection
	GlobalSection(SolutionProperties) = preSolution
		HideSolutionNode = FALSE
	EndGlobalSection
	GlobalSection(NestedProjects) = preSolution
		{39D56085-0BF2-4640-9A46-86E91F064348} = {02EA681E-C7D8-13C7-8484-4AC65E1B71E8}
		{BDA57C4B-CBDB-4C8C-AF6B-D1DA383016E7} = {02EA681E-C7D8-13C7-8484-4AC65E1B71E8}
		{E42EC2B9-87A5-451B-A859-36FFB9BFA388} = {02EA681E-C7D8-13C7-8484-4AC65E1B71E8}
		{28C309D2-CB68-484D-8252-E02CD878E69C} = {02EA681E-C7D8-13C7-8484-4AC65E1B71E8}
		{A8BBA4BA-1612-4453-AD64-D9A9E464EAC5} = {1D69FCE3-E175-4A37-BBB7-A033CB937CC8}
		{A505EA93-142B-492F-BD63-D8DF6335F4ED} = {1D69FCE3-E175-4A37-BBB7-A033CB937CC8}
		{C39558ED-7326-4CF5-B624-D7EC3BC75ACC} = {1D69FCE3-E175-4A37-BBB7-A033CB937CC8}
	EndGlobalSection
	GlobalSection(ExtensibilityGlobals) = postSolution
		SolutionGuid = {6E5F3CFB-BEFC-48F2-9DC0-4C1AC48ABC4E}
	EndGlobalSection
EndGlobal
